// !$*UTF8*$!
{
	archiveVersion = 1;
	classes = {
	};
	objectVersion = 56;
	objects = {

/* Begin PBXBuildFile section */
		F41EB7FE2AE18E9D00B83A7D /* GrapeRepository.swift in Sources */ = {isa = PBXBuildFile; fileRef = F41EB7FD2AE18E9D00B83A7D /* GrapeRepository.swift */; };
		F41EB8032AE6006D00B83A7D /* FirebaseAnalyticsWithoutAdIdSupport in Frameworks */ = {isa = PBXBuildFile; productRef = F41EB8022AE6006D00B83A7D /* FirebaseAnalyticsWithoutAdIdSupport */; };
		F457C10A2AC1854500B4D46C /* AppDelegate.swift in Sources */ = {isa = PBXBuildFile; fileRef = F457C1092AC1854500B4D46C /* AppDelegate.swift */; };
		F457C10C2AC1854500B4D46C /* SceneDelegate.swift in Sources */ = {isa = PBXBuildFile; fileRef = F457C10B2AC1854500B4D46C /* SceneDelegate.swift */; };
		F457C10E2AC1854500B4D46C /* MainViewController.swift in Sources */ = {isa = PBXBuildFile; fileRef = F457C10D2AC1854500B4D46C /* MainViewController.swift */; };
		F457C1132AC1854600B4D46C /* Assets.xcassets in Resources */ = {isa = PBXBuildFile; fileRef = F457C1122AC1854600B4D46C /* Assets.xcassets */; };
		F457C1162AC1854600B4D46C /* LaunchScreen.storyboard in Resources */ = {isa = PBXBuildFile; fileRef = F457C1142AC1854600B4D46C /* LaunchScreen.storyboard */; };
		F457C11F2AC185C800B4D46C /* FSCalendar in Frameworks */ = {isa = PBXBuildFile; productRef = F457C11E2AC185C800B4D46C /* FSCalendar */; };
		F457C1222AC185D500B4D46C /* Alamofire in Frameworks */ = {isa = PBXBuildFile; productRef = F457C1212AC185D500B4D46C /* Alamofire */; };
		F457C1252AC185E300B4D46C /* SnapKit in Frameworks */ = {isa = PBXBuildFile; productRef = F457C1242AC185E300B4D46C /* SnapKit */; };
		F45DF3052AC6C113004D4667 /* The Jamsil OTF 3 Regular.otf in Resources */ = {isa = PBXBuildFile; fileRef = F45DF2FF2AC6C113004D4667 /* The Jamsil OTF 3 Regular.otf */; };
		F45DF3062AC6C113004D4667 /* The Jamsil OTF 4 Medium.otf in Resources */ = {isa = PBXBuildFile; fileRef = F45DF3002AC6C113004D4667 /* The Jamsil OTF 4 Medium.otf */; };
		F45DF3072AC6C113004D4667 /* The Jamsil OTF 2 Light.otf in Resources */ = {isa = PBXBuildFile; fileRef = F45DF3012AC6C113004D4667 /* The Jamsil OTF 2 Light.otf */; };
		F45DF3082AC6C113004D4667 /* The Jamsil OTF 5 Bold.otf in Resources */ = {isa = PBXBuildFile; fileRef = F45DF3022AC6C113004D4667 /* The Jamsil OTF 5 Bold.otf */; };
		F45DF3092AC6C113004D4667 /* The Jamsil OTF 1 Thin.otf in Resources */ = {isa = PBXBuildFile; fileRef = F45DF3032AC6C113004D4667 /* The Jamsil OTF 1 Thin.otf */; };
		F45DF30A2AC6C113004D4667 /* The Jamsil OTF 6 ExtraBold.otf in Resources */ = {isa = PBXBuildFile; fileRef = F45DF3042AC6C113004D4667 /* The Jamsil OTF 6 ExtraBold.otf */; };
		F45DF30C2AC6C351004D4667 /* Font.swift in Sources */ = {isa = PBXBuildFile; fileRef = F45DF30B2AC6C351004D4667 /* Font.swift */; };
		F45DF30F2AC6C431004D4667 /* BaseViewController.swift in Sources */ = {isa = PBXBuildFile; fileRef = F45DF30E2AC6C431004D4667 /* BaseViewController.swift */; };
		F45DF3122AC6C6D9004D4667 /* UIColor+Extension.swift in Sources */ = {isa = PBXBuildFile; fileRef = F45DF3112AC6C6D9004D4667 /* UIColor+Extension.swift */; };
		F45DF31A2AC6CC54004D4667 /* Localizable.strings in Resources */ = {isa = PBXBuildFile; fileRef = F45DF31C2AC6CC54004D4667 /* Localizable.strings */; };
		F45DF31F2AC6CDBC004D4667 /* String+Extension.swift in Sources */ = {isa = PBXBuildFile; fileRef = F45DF31E2AC6CDBC004D4667 /* String+Extension.swift */; };
		F45DF3252AC81A76004D4667 /* Observable.swift in Sources */ = {isa = PBXBuildFile; fileRef = F45DF3242AC81A76004D4667 /* Observable.swift */; };
		F45DF3272AC81A93004D4667 /* Tabbar.swift in Sources */ = {isa = PBXBuildFile; fileRef = F45DF3262AC81A93004D4667 /* Tabbar.swift */; };
		F45DF32A2AC81D2A004D4667 /* PodoViewController.swift in Sources */ = {isa = PBXBuildFile; fileRef = F45DF3292AC81D2A004D4667 /* PodoViewController.swift */; };
		F45DF32C2AC87ED5004D4667 /* WeatherView.swift in Sources */ = {isa = PBXBuildFile; fileRef = F45DF32B2AC87ED5004D4667 /* WeatherView.swift */; };
		F45DF3322ACBFF67004D4667 /* TodoTab.swift in Sources */ = {isa = PBXBuildFile; fileRef = F45DF3312ACBFF67004D4667 /* TodoTab.swift */; };
		F45DF3342ACC00AC004D4667 /* GoalTab.swift in Sources */ = {isa = PBXBuildFile; fileRef = F45DF3332ACC00AC004D4667 /* GoalTab.swift */; };
		F46210F42ACFC16D001A5EA2 /* GroupAddViewController.swift in Sources */ = {isa = PBXBuildFile; fileRef = F46210F32ACFC16D001A5EA2 /* GroupAddViewController.swift */; };
		F46210FD2AD07BA0001A5EA2 /* KindOfTabEnum.swift in Sources */ = {isa = PBXBuildFile; fileRef = F46210FC2AD07BA0001A5EA2 /* KindOfTabEnum.swift */; };
		F466D6002AD10F7F00819ED9 /* TodoAddViewController.swift in Sources */ = {isa = PBXBuildFile; fileRef = F466D5FF2AD10F7F00819ED9 /* TodoAddViewController.swift */; };
		F466D6042AD12A1D00819ED9 /* MainListTable.swift in Sources */ = {isa = PBXBuildFile; fileRef = F466D6032AD12A1D00819ED9 /* MainListTable.swift */; };
		F466D6072AD12ACA00819ED9 /* Realm in Frameworks */ = {isa = PBXBuildFile; productRef = F466D6062AD12ACA00819ED9 /* Realm */; };
		F466D6092AD12ACA00819ED9 /* RealmSwift in Frameworks */ = {isa = PBXBuildFile; productRef = F466D6082AD12ACA00819ED9 /* RealmSwift */; };
		F466D6102AD131F800819ED9 /* TodoRepository.swift in Sources */ = {isa = PBXBuildFile; fileRef = F466D60F2AD131F800819ED9 /* TodoRepository.swift */; };
		F466D6132AD266C900819ED9 /* ViewModel.swift in Sources */ = {isa = PBXBuildFile; fileRef = F466D6122AD266C900819ED9 /* ViewModel.swift */; };
		F466DB872AD2FFD200E2B306 /* GroupList.swift in Sources */ = {isa = PBXBuildFile; fileRef = F466DB862AD2FFD200E2B306 /* GroupList.swift */; };
		F466DB892AD30E9300E2B306 /* Results+Extension.swift in Sources */ = {isa = PBXBuildFile; fileRef = F466DB882AD30E9300E2B306 /* Results+Extension.swift */; };
		F466DB8B2AD43AE300E2B306 /* TableView.swift in Sources */ = {isa = PBXBuildFile; fileRef = F466DB8A2AD43AE300E2B306 /* TableView.swift */; };
		F466DB8F2AD47F8B00E2B306 /* StatusEnum.swift in Sources */ = {isa = PBXBuildFile; fileRef = F466DB8E2AD47F8B00E2B306 /* StatusEnum.swift */; };
		F466DB912AD5236900E2B306 /* Date+Extension.swift in Sources */ = {isa = PBXBuildFile; fileRef = F466DB902AD5236900E2B306 /* Date+Extension.swift */; };
		F466DBA62AD8294400E2B306 /* GroupManagementViewController.swift in Sources */ = {isa = PBXBuildFile; fileRef = F466DBA52AD8294400E2B306 /* GroupManagementViewController.swift */; };
		F466DBA82AD8479D00E2B306 /* PodoViewModel.swift in Sources */ = {isa = PBXBuildFile; fileRef = F466DBA72AD8479D00E2B306 /* PodoViewModel.swift */; };
		F466DBAB2AD9739C00E2B306 /* TableHeaderView.swift in Sources */ = {isa = PBXBuildFile; fileRef = F466DBAA2AD9739C00E2B306 /* TableHeaderView.swift */; };
		F466DBAE2AD9ACD600E2B306 /* GroupTableViewCell.swift in Sources */ = {isa = PBXBuildFile; fileRef = F466DBAD2AD9ACD600E2B306 /* GroupTableViewCell.swift */; };
		F466DBB02ADC2DC600E2B306 /* GroupRepository.swift in Sources */ = {isa = PBXBuildFile; fileRef = F466DBAF2ADC2DC600E2B306 /* GroupRepository.swift */; };
		F466DBB22ADE601000E2B306 /* GrapeList.swift in Sources */ = {isa = PBXBuildFile; fileRef = F466DBB12ADE601000E2B306 /* GrapeList.swift */; };
		F466DBB42AE021A500E2B306 /* PodoCollectionViewCell.swift in Sources */ = {isa = PBXBuildFile; fileRef = F466DBB32AE021A500E2B306 /* PodoCollectionViewCell.swift */; };
		F466DBB62AE0274F00E2B306 /* UIViewController+Extension.swift in Sources */ = {isa = PBXBuildFile; fileRef = F466DBB52AE0274F00E2B306 /* UIViewController+Extension.swift */; };
		F466DBB82AE02A6000E2B306 /* UIFont+Extension.swift in Sources */ = {isa = PBXBuildFile; fileRef = F466DBB72AE02A6000E2B306 /* UIFont+Extension.swift */; };
		F49DDCE32ACD88210067EFE6 /* ListCollectionView.swift in Sources */ = {isa = PBXBuildFile; fileRef = F49DDCE22ACD88210067EFE6 /* ListCollectionView.swift */; };
		F49DDCE72ACDB0A60067EFE6 /* Grape.swift in Sources */ = {isa = PBXBuildFile; fileRef = F49DDCE62ACDB0A60067EFE6 /* Grape.swift */; };
		F49DDCE92ACDB7220067EFE6 /* .gitignore in Resources */ = {isa = PBXBuildFile; fileRef = F49DDCE82ACDB7220067EFE6 /* .gitignore */; };
		F49DDCEC2ACDB7330067EFE6 /* APIKey.swift in Sources */ = {isa = PBXBuildFile; fileRef = F49DDCEB2ACDB7330067EFE6 /* APIKey.swift */; };
/* End PBXBuildFile section */

/* Begin PBXFileReference section */
		F41EB7FD2AE18E9D00B83A7D /* GrapeRepository.swift */ = {isa = PBXFileReference; lastKnownFileType = sourcecode.swift; path = GrapeRepository.swift; sourceTree = "<group>"; };
		F457C1062AC1854500B4D46C /* PodoTodo.app */ = {isa = PBXFileReference; explicitFileType = wrapper.application; includeInIndex = 0; path = PodoTodo.app; sourceTree = BUILT_PRODUCTS_DIR; };
		F457C1092AC1854500B4D46C /* AppDelegate.swift */ = {isa = PBXFileReference; lastKnownFileType = sourcecode.swift; path = AppDelegate.swift; sourceTree = "<group>"; };
		F457C10B2AC1854500B4D46C /* SceneDelegate.swift */ = {isa = PBXFileReference; lastKnownFileType = sourcecode.swift; path = SceneDelegate.swift; sourceTree = "<group>"; };
		F457C10D2AC1854500B4D46C /* MainViewController.swift */ = {isa = PBXFileReference; lastKnownFileType = sourcecode.swift; path = MainViewController.swift; sourceTree = "<group>"; };
		F457C1122AC1854600B4D46C /* Assets.xcassets */ = {isa = PBXFileReference; lastKnownFileType = folder.assetcatalog; path = Assets.xcassets; sourceTree = "<group>"; };
		F457C1152AC1854600B4D46C /* Base */ = {isa = PBXFileReference; lastKnownFileType = file.storyboard; name = Base; path = Base.lproj/LaunchScreen.storyboard; sourceTree = "<group>"; };
		F457C1172AC1854600B4D46C /* Info.plist */ = {isa = PBXFileReference; lastKnownFileType = text.plist.xml; path = Info.plist; sourceTree = "<group>"; };
		F45DF2FF2AC6C113004D4667 /* The Jamsil OTF 3 Regular.otf */ = {isa = PBXFileReference; lastKnownFileType = file; path = "The Jamsil OTF 3 Regular.otf"; sourceTree = "<group>"; };
		F45DF3002AC6C113004D4667 /* The Jamsil OTF 4 Medium.otf */ = {isa = PBXFileReference; lastKnownFileType = file; path = "The Jamsil OTF 4 Medium.otf"; sourceTree = "<group>"; };
		F45DF3012AC6C113004D4667 /* The Jamsil OTF 2 Light.otf */ = {isa = PBXFileReference; lastKnownFileType = file; path = "The Jamsil OTF 2 Light.otf"; sourceTree = "<group>"; };
		F45DF3022AC6C113004D4667 /* The Jamsil OTF 5 Bold.otf */ = {isa = PBXFileReference; lastKnownFileType = file; path = "The Jamsil OTF 5 Bold.otf"; sourceTree = "<group>"; };
		F45DF3032AC6C113004D4667 /* The Jamsil OTF 1 Thin.otf */ = {isa = PBXFileReference; lastKnownFileType = file; path = "The Jamsil OTF 1 Thin.otf"; sourceTree = "<group>"; };
		F45DF3042AC6C113004D4667 /* The Jamsil OTF 6 ExtraBold.otf */ = {isa = PBXFileReference; lastKnownFileType = file; path = "The Jamsil OTF 6 ExtraBold.otf"; sourceTree = "<group>"; };
		F45DF30B2AC6C351004D4667 /* Font.swift */ = {isa = PBXFileReference; lastKnownFileType = sourcecode.swift; path = Font.swift; sourceTree = "<group>"; };
		F45DF30E2AC6C431004D4667 /* BaseViewController.swift */ = {isa = PBXFileReference; lastKnownFileType = sourcecode.swift; path = BaseViewController.swift; sourceTree = "<group>"; };
		F45DF3112AC6C6D9004D4667 /* UIColor+Extension.swift */ = {isa = PBXFileReference; lastKnownFileType = sourcecode.swift; path = "UIColor+Extension.swift"; sourceTree = "<group>"; };
		F45DF3162AC6CC04004D4667 /* ko */ = {isa = PBXFileReference; lastKnownFileType = text.plist.strings; name = ko; path = ko.lproj/LaunchScreen.strings; sourceTree = "<group>"; };
		F45DF31B2AC6CC54004D4667 /* ko */ = {isa = PBXFileReference; lastKnownFileType = text.plist.strings; name = ko; path = ko.lproj/Localizable.strings; sourceTree = "<group>"; };
		F45DF31E2AC6CDBC004D4667 /* String+Extension.swift */ = {isa = PBXFileReference; lastKnownFileType = sourcecode.swift; path = "String+Extension.swift"; sourceTree = "<group>"; };
		F45DF3242AC81A76004D4667 /* Observable.swift */ = {isa = PBXFileReference; lastKnownFileType = sourcecode.swift; path = Observable.swift; sourceTree = "<group>"; };
		F45DF3262AC81A93004D4667 /* Tabbar.swift */ = {isa = PBXFileReference; lastKnownFileType = sourcecode.swift; path = Tabbar.swift; sourceTree = "<group>"; };
		F45DF3292AC81D2A004D4667 /* PodoViewController.swift */ = {isa = PBXFileReference; lastKnownFileType = sourcecode.swift; path = PodoViewController.swift; sourceTree = "<group>"; };
		F45DF32B2AC87ED5004D4667 /* WeatherView.swift */ = {isa = PBXFileReference; lastKnownFileType = sourcecode.swift; path = WeatherView.swift; sourceTree = "<group>"; };
		F45DF3312ACBFF67004D4667 /* TodoTab.swift */ = {isa = PBXFileReference; lastKnownFileType = sourcecode.swift; path = TodoTab.swift; sourceTree = "<group>"; };
		F45DF3332ACC00AC004D4667 /* GoalTab.swift */ = {isa = PBXFileReference; lastKnownFileType = sourcecode.swift; path = GoalTab.swift; sourceTree = "<group>"; };
		F46210F32ACFC16D001A5EA2 /* GroupAddViewController.swift */ = {isa = PBXFileReference; lastKnownFileType = sourcecode.swift; path = GroupAddViewController.swift; sourceTree = "<group>"; };
		F46210FC2AD07BA0001A5EA2 /* KindOfTabEnum.swift */ = {isa = PBXFileReference; lastKnownFileType = sourcecode.swift; path = KindOfTabEnum.swift; sourceTree = "<group>"; };
		F466D5FF2AD10F7F00819ED9 /* TodoAddViewController.swift */ = {isa = PBXFileReference; lastKnownFileType = sourcecode.swift; path = TodoAddViewController.swift; sourceTree = "<group>"; };
		F466D6032AD12A1D00819ED9 /* MainListTable.swift */ = {isa = PBXFileReference; lastKnownFileType = sourcecode.swift; path = MainListTable.swift; sourceTree = "<group>"; };
		F466D60F2AD131F800819ED9 /* TodoRepository.swift */ = {isa = PBXFileReference; lastKnownFileType = sourcecode.swift; path = TodoRepository.swift; sourceTree = "<group>"; };
		F466D6122AD266C900819ED9 /* ViewModel.swift */ = {isa = PBXFileReference; lastKnownFileType = sourcecode.swift; path = ViewModel.swift; sourceTree = "<group>"; };
		F466DB862AD2FFD200E2B306 /* GroupList.swift */ = {isa = PBXFileReference; lastKnownFileType = sourcecode.swift; path = GroupList.swift; sourceTree = "<group>"; };
		F466DB882AD30E9300E2B306 /* Results+Extension.swift */ = {isa = PBXFileReference; lastKnownFileType = sourcecode.swift; path = "Results+Extension.swift"; sourceTree = "<group>"; };
		F466DB8A2AD43AE300E2B306 /* TableView.swift */ = {isa = PBXFileReference; lastKnownFileType = sourcecode.swift; path = TableView.swift; sourceTree = "<group>"; };
		F466DB8E2AD47F8B00E2B306 /* StatusEnum.swift */ = {isa = PBXFileReference; lastKnownFileType = sourcecode.swift; path = StatusEnum.swift; sourceTree = "<group>"; };
		F466DB902AD5236900E2B306 /* Date+Extension.swift */ = {isa = PBXFileReference; lastKnownFileType = sourcecode.swift; path = "Date+Extension.swift"; sourceTree = "<group>"; };
		F466DBA52AD8294400E2B306 /* GroupManagementViewController.swift */ = {isa = PBXFileReference; lastKnownFileType = sourcecode.swift; path = GroupManagementViewController.swift; sourceTree = "<group>"; };
		F466DBA72AD8479D00E2B306 /* PodoViewModel.swift */ = {isa = PBXFileReference; lastKnownFileType = sourcecode.swift; path = PodoViewModel.swift; sourceTree = "<group>"; };
		F466DBAA2AD9739C00E2B306 /* TableHeaderView.swift */ = {isa = PBXFileReference; lastKnownFileType = sourcecode.swift; path = TableHeaderView.swift; sourceTree = "<group>"; };
		F466DBAD2AD9ACD600E2B306 /* GroupTableViewCell.swift */ = {isa = PBXFileReference; lastKnownFileType = sourcecode.swift; path = GroupTableViewCell.swift; sourceTree = "<group>"; };
		F466DBAF2ADC2DC600E2B306 /* GroupRepository.swift */ = {isa = PBXFileReference; lastKnownFileType = sourcecode.swift; path = GroupRepository.swift; sourceTree = "<group>"; };
		F466DBB12ADE601000E2B306 /* GrapeList.swift */ = {isa = PBXFileReference; lastKnownFileType = sourcecode.swift; path = GrapeList.swift; sourceTree = "<group>"; };
		F466DBB32AE021A500E2B306 /* PodoCollectionViewCell.swift */ = {isa = PBXFileReference; lastKnownFileType = sourcecode.swift; path = PodoCollectionViewCell.swift; sourceTree = "<group>"; };
		F466DBB52AE0274F00E2B306 /* UIViewController+Extension.swift */ = {isa = PBXFileReference; lastKnownFileType = sourcecode.swift; path = "UIViewController+Extension.swift"; sourceTree = "<group>"; };
		F466DBB72AE02A6000E2B306 /* UIFont+Extension.swift */ = {isa = PBXFileReference; lastKnownFileType = sourcecode.swift; path = "UIFont+Extension.swift"; sourceTree = "<group>"; };
		F49DDCE22ACD88210067EFE6 /* ListCollectionView.swift */ = {isa = PBXFileReference; lastKnownFileType = sourcecode.swift; path = ListCollectionView.swift; sourceTree = "<group>"; };
		F49DDCE62ACDB0A60067EFE6 /* Grape.swift */ = {isa = PBXFileReference; lastKnownFileType = sourcecode.swift; path = Grape.swift; sourceTree = "<group>"; };
		F49DDCE82ACDB7220067EFE6 /* .gitignore */ = {isa = PBXFileReference; lastKnownFileType = text; path = .gitignore; sourceTree = "<group>"; };
		F49DDCEB2ACDB7330067EFE6 /* APIKey.swift */ = {isa = PBXFileReference; lastKnownFileType = sourcecode.swift; path = APIKey.swift; sourceTree = "<group>"; };
/* End PBXFileReference section */

/* Begin PBXFrameworksBuildPhase section */
		F457C1032AC1854500B4D46C /* Frameworks */ = {
			isa = PBXFrameworksBuildPhase;
			buildActionMask = 2147483647;
			files = (
				F466D6092AD12ACA00819ED9 /* RealmSwift in Frameworks */,
				F41EB8032AE6006D00B83A7D /* FirebaseAnalyticsWithoutAdIdSupport in Frameworks */,
				F457C1252AC185E300B4D46C /* SnapKit in Frameworks */,
				F457C11F2AC185C800B4D46C /* FSCalendar in Frameworks */,
				F457C1222AC185D500B4D46C /* Alamofire in Frameworks */,
				F466D6072AD12ACA00819ED9 /* Realm in Frameworks */,
			);
			runOnlyForDeploymentPostprocessing = 0;
		};
/* End PBXFrameworksBuildPhase section */

/* Begin PBXGroup section */
		F457C0FD2AC1854500B4D46C = {
			isa = PBXGroup;
			children = (
				F457C1082AC1854500B4D46C /* PodoTodo */,
				F457C1072AC1854500B4D46C /* Products */,
			);
			sourceTree = "<group>";
		};
		F457C1072AC1854500B4D46C /* Products */ = {
			isa = PBXGroup;
			children = (
				F457C1062AC1854500B4D46C /* PodoTodo.app */,
			);
			name = Products;
			sourceTree = "<group>";
		};
		F457C1082AC1854500B4D46C /* PodoTodo */ = {
			isa = PBXGroup;
			children = (
				F466D6012AD129AB00819ED9 /* Realm */,
				F49DDCEA2ACDB72B0067EFE6 /* Network */,
				F45DF3202AC81A07004D4667 /* Scene */,
				F45DF3172AC6CC33004D4667 /* Localization */,
				F45DF3132AC6C7BE004D4667 /* Constant */,
				F45DF3102AC6C6CF004D4667 /* Extension */,
				F45DF2FE2AC6C024004D4667 /* Font */,
				F457C1092AC1854500B4D46C /* AppDelegate.swift */,
				F457C10B2AC1854500B4D46C /* SceneDelegate.swift */,
				F457C1122AC1854600B4D46C /* Assets.xcassets */,
				F457C1142AC1854600B4D46C /* LaunchScreen.storyboard */,
				F457C1172AC1854600B4D46C /* Info.plist */,
				F49DDCE82ACDB7220067EFE6 /* .gitignore */,
			);
			path = PodoTodo;
			sourceTree = "<group>";
		};
		F45DF2FE2AC6C024004D4667 /* Font */ = {
			isa = PBXGroup;
			children = (
				F45DF3032AC6C113004D4667 /* The Jamsil OTF 1 Thin.otf */,
				F45DF3012AC6C113004D4667 /* The Jamsil OTF 2 Light.otf */,
				F45DF2FF2AC6C113004D4667 /* The Jamsil OTF 3 Regular.otf */,
				F45DF3002AC6C113004D4667 /* The Jamsil OTF 4 Medium.otf */,
				F45DF3022AC6C113004D4667 /* The Jamsil OTF 5 Bold.otf */,
				F45DF3042AC6C113004D4667 /* The Jamsil OTF 6 ExtraBold.otf */,
			);
			path = Font;
			sourceTree = "<group>";
		};
		F45DF30D2AC6C427004D4667 /* CustomView */ = {
			isa = PBXGroup;
			children = (
				F45DF30E2AC6C431004D4667 /* BaseViewController.swift */,
			);
			path = CustomView;
			sourceTree = "<group>";
		};
		F45DF3102AC6C6CF004D4667 /* Extension */ = {
			isa = PBXGroup;
			children = (
				F45DF3112AC6C6D9004D4667 /* UIColor+Extension.swift */,
				F45DF31E2AC6CDBC004D4667 /* String+Extension.swift */,
				F466DB882AD30E9300E2B306 /* Results+Extension.swift */,
				F466DB902AD5236900E2B306 /* Date+Extension.swift */,
				F466DBB52AE0274F00E2B306 /* UIViewController+Extension.swift */,
				F466DBB72AE02A6000E2B306 /* UIFont+Extension.swift */,
			);
			path = Extension;
			sourceTree = "<group>";
		};
		F45DF3132AC6C7BE004D4667 /* Constant */ = {
			isa = PBXGroup;
			children = (
				F45DF30B2AC6C351004D4667 /* Font.swift */,
				F45DF3262AC81A93004D4667 /* Tabbar.swift */,
				F49DDCE62ACDB0A60067EFE6 /* Grape.swift */,
			);
			path = Constant;
			sourceTree = "<group>";
		};
		F45DF3172AC6CC33004D4667 /* Localization */ = {
			isa = PBXGroup;
			children = (
				F45DF31C2AC6CC54004D4667 /* Localizable.strings */,
			);
			path = Localization;
			sourceTree = "<group>";
		};
		F45DF3202AC81A07004D4667 /* Scene */ = {
			isa = PBXGroup;
			children = (
				F45DF30D2AC6C427004D4667 /* CustomView */,
				F45DF3242AC81A76004D4667 /* Observable.swift */,
				F45DF3282AC81D20004D4667 /* Podo */,
				F45DF3212AC81A53004D4667 /* Main */,
			);
			path = Scene;
			sourceTree = "<group>";
		};
		F45DF3212AC81A53004D4667 /* Main */ = {
			isa = PBXGroup;
			children = (
				F466D6112AD266C000819ED9 /* TableView */,
				F466D5FE2AD10F4300819ED9 /* Add */,
				F45DF3302ACBFF60004D4667 /* Tab */,
				F457C10D2AC1854500B4D46C /* MainViewController.swift */,
				F466D6122AD266C900819ED9 /* ViewModel.swift */,
				F45DF32B2AC87ED5004D4667 /* WeatherView.swift */,
				F46210FC2AD07BA0001A5EA2 /* KindOfTabEnum.swift */,
			);
			path = Main;
			sourceTree = "<group>";
		};
		F45DF3282AC81D20004D4667 /* Podo */ = {
			isa = PBXGroup;
			children = (
				F45DF3292AC81D2A004D4667 /* PodoViewController.swift */,
				F466DBA72AD8479D00E2B306 /* PodoViewModel.swift */,
				F466DBB32AE021A500E2B306 /* PodoCollectionViewCell.swift */,
			);
			path = Podo;
			sourceTree = "<group>";
		};
		F45DF3302ACBFF60004D4667 /* Tab */ = {
			isa = PBXGroup;
			children = (
				F45DF3312ACBFF67004D4667 /* TodoTab.swift */,
				F45DF3332ACC00AC004D4667 /* GoalTab.swift */,
			);
			path = Tab;
			sourceTree = "<group>";
		};
		F466D5FE2AD10F4300819ED9 /* Add */ = {
			isa = PBXGroup;
			children = (
				F466DBAC2AD9ACB500E2B306 /* Group */,
				F46210F32ACFC16D001A5EA2 /* GroupAddViewController.swift */,
				F466D5FF2AD10F7F00819ED9 /* TodoAddViewController.swift */,
				F466DB8E2AD47F8B00E2B306 /* StatusEnum.swift */,
			);
			path = Add;
			sourceTree = "<group>";
		};
		F466D6012AD129AB00819ED9 /* Realm */ = {
			isa = PBXGroup;
			children = (
				F466DBAF2ADC2DC600E2B306 /* GroupRepository.swift */,
				F41EB7FD2AE18E9D00B83A7D /* GrapeRepository.swift */,
				F466D60F2AD131F800819ED9 /* TodoRepository.swift */,
				F466D6022AD129B400819ED9 /* Table */,
			);
			path = Realm;
			sourceTree = "<group>";
		};
		F466D6022AD129B400819ED9 /* Table */ = {
			isa = PBXGroup;
			children = (
				F466D6032AD12A1D00819ED9 /* MainListTable.swift */,
				F466DB862AD2FFD200E2B306 /* GroupList.swift */,
				F466DBB12ADE601000E2B306 /* GrapeList.swift */,
			);
			path = Table;
			sourceTree = "<group>";
		};
		F466D6112AD266C000819ED9 /* TableView */ = {
			isa = PBXGroup;
			children = (
				F466DBA92AD9738800E2B306 /* old */,
				F466DBAA2AD9739C00E2B306 /* TableHeaderView.swift */,
			);
			path = TableView;
			sourceTree = "<group>";
		};
		F466DBA92AD9738800E2B306 /* old */ = {
			isa = PBXGroup;
			children = (
				F466DB8A2AD43AE300E2B306 /* TableView.swift */,
				F49DDCE22ACD88210067EFE6 /* ListCollectionView.swift */,
			);
			path = old;
			sourceTree = "<group>";
		};
		F466DBAC2AD9ACB500E2B306 /* Group */ = {
			isa = PBXGroup;
			children = (
				F466DBA52AD8294400E2B306 /* GroupManagementViewController.swift */,
				F466DBAD2AD9ACD600E2B306 /* GroupTableViewCell.swift */,
			);
			path = Group;
			sourceTree = "<group>";
		};
		F49DDCEA2ACDB72B0067EFE6 /* Network */ = {
			isa = PBXGroup;
			children = (
				F49DDCEB2ACDB7330067EFE6 /* APIKey.swift */,
			);
			path = Network;
			sourceTree = "<group>";
		};
/* End PBXGroup section */

/* Begin PBXNativeTarget section */
		F457C1052AC1854500B4D46C /* PodoTodo */ = {
			isa = PBXNativeTarget;
			buildConfigurationList = F457C11A2AC1854600B4D46C /* Build configuration list for PBXNativeTarget "PodoTodo" */;
			buildPhases = (
				F457C1022AC1854500B4D46C /* Sources */,
				F457C1032AC1854500B4D46C /* Frameworks */,
				F457C1042AC1854500B4D46C /* Resources */,
			);
			buildRules = (
			);
			dependencies = (
			);
			name = PodoTodo;
			packageProductDependencies = (
				F457C11E2AC185C800B4D46C /* FSCalendar */,
				F457C1212AC185D500B4D46C /* Alamofire */,
				F457C1242AC185E300B4D46C /* SnapKit */,
				F466D6062AD12ACA00819ED9 /* Realm */,
				F466D6082AD12ACA00819ED9 /* RealmSwift */,
				F41EB8022AE6006D00B83A7D /* FirebaseAnalyticsWithoutAdIdSupport */,
			);
			productName = PodoTodo;
			productReference = F457C1062AC1854500B4D46C /* PodoTodo.app */;
			productType = "com.apple.product-type.application";
		};
/* End PBXNativeTarget section */

/* Begin PBXProject section */
		F457C0FE2AC1854500B4D46C /* Project object */ = {
			isa = PBXProject;
			attributes = {
				BuildIndependentTargetsInParallel = 1;
				LastSwiftUpdateCheck = 1430;
				LastUpgradeCheck = 1430;
				TargetAttributes = {
					F457C1052AC1854500B4D46C = {
						CreatedOnToolsVersion = 14.3.1;
					};
				};
			};
			buildConfigurationList = F457C1012AC1854500B4D46C /* Build configuration list for PBXProject "PodoTodo" */;
			compatibilityVersion = "Xcode 14.0";
			developmentRegion = ko;
			hasScannedForEncodings = 0;
			knownRegions = (
				en,
				Base,
				ko,
			);
			mainGroup = F457C0FD2AC1854500B4D46C;
			packageReferences = (
				F457C11D2AC185C800B4D46C /* XCRemoteSwiftPackageReference "FSCalendar" */,
				F457C1202AC185D500B4D46C /* XCRemoteSwiftPackageReference "Alamofire" */,
				F457C1232AC185E300B4D46C /* XCRemoteSwiftPackageReference "SnapKit" */,
				F466D6052AD12ACA00819ED9 /* XCRemoteSwiftPackageReference "realm-swift" */,
				F41EB8012AE6006D00B83A7D /* XCRemoteSwiftPackageReference "firebase-ios-sdk" */,
			);
			productRefGroup = F457C1072AC1854500B4D46C /* Products */;
			projectDirPath = "";
			projectRoot = "";
			targets = (
				F457C1052AC1854500B4D46C /* PodoTodo */,
			);
		};
/* End PBXProject section */

/* Begin PBXResourcesBuildPhase section */
		F457C1042AC1854500B4D46C /* Resources */ = {
			isa = PBXResourcesBuildPhase;
			buildActionMask = 2147483647;
			files = (
				F49DDCE92ACDB7220067EFE6 /* .gitignore in Resources */,
				F45DF3092AC6C113004D4667 /* The Jamsil OTF 1 Thin.otf in Resources */,
				F45DF3052AC6C113004D4667 /* The Jamsil OTF 3 Regular.otf in Resources */,
				F45DF30A2AC6C113004D4667 /* The Jamsil OTF 6 ExtraBold.otf in Resources */,
				F45DF3062AC6C113004D4667 /* The Jamsil OTF 4 Medium.otf in Resources */,
				F45DF31A2AC6CC54004D4667 /* Localizable.strings in Resources */,
				F45DF3082AC6C113004D4667 /* The Jamsil OTF 5 Bold.otf in Resources */,
				F45DF3072AC6C113004D4667 /* The Jamsil OTF 2 Light.otf in Resources */,
				F457C1162AC1854600B4D46C /* LaunchScreen.storyboard in Resources */,
				F457C1132AC1854600B4D46C /* Assets.xcassets in Resources */,
			);
			runOnlyForDeploymentPostprocessing = 0;
		};
/* End PBXResourcesBuildPhase section */

/* Begin PBXSourcesBuildPhase section */
		F457C1022AC1854500B4D46C /* Sources */ = {
			isa = PBXSourcesBuildPhase;
			buildActionMask = 2147483647;
			files = (
				F45DF32A2AC81D2A004D4667 /* PodoViewController.swift in Sources */,
				F45DF3322ACBFF67004D4667 /* TodoTab.swift in Sources */,
				F46210F42ACFC16D001A5EA2 /* GroupAddViewController.swift in Sources */,
				F466DB872AD2FFD200E2B306 /* GroupList.swift in Sources */,
				F466D6042AD12A1D00819ED9 /* MainListTable.swift in Sources */,
				F45DF3342ACC00AC004D4667 /* GoalTab.swift in Sources */,
				F466DBB82AE02A6000E2B306 /* UIFont+Extension.swift in Sources */,
				F466D6102AD131F800819ED9 /* TodoRepository.swift in Sources */,
				F45DF31F2AC6CDBC004D4667 /* String+Extension.swift in Sources */,
				F45DF30F2AC6C431004D4667 /* BaseViewController.swift in Sources */,
				F41EB7FE2AE18E9D00B83A7D /* GrapeRepository.swift in Sources */,
				F457C10E2AC1854500B4D46C /* MainViewController.swift in Sources */,
				F49DDCEC2ACDB7330067EFE6 /* APIKey.swift in Sources */,
				F466D6132AD266C900819ED9 /* ViewModel.swift in Sources */,
				F466DBB42AE021A500E2B306 /* PodoCollectionViewCell.swift in Sources */,
				F45DF3272AC81A93004D4667 /* Tabbar.swift in Sources */,
				F466DBB62AE0274F00E2B306 /* UIViewController+Extension.swift in Sources */,
				F45DF32C2AC87ED5004D4667 /* WeatherView.swift in Sources */,
				F466D6002AD10F7F00819ED9 /* TodoAddViewController.swift in Sources */,
				F466DBA62AD8294400E2B306 /* GroupManagementViewController.swift in Sources */,
				F49DDCE32ACD88210067EFE6 /* ListCollectionView.swift in Sources */,
				F466DBA82AD8479D00E2B306 /* PodoViewModel.swift in Sources */,
				F457C10A2AC1854500B4D46C /* AppDelegate.swift in Sources */,
				F466DB8B2AD43AE300E2B306 /* TableView.swift in Sources */,
				F45DF3122AC6C6D9004D4667 /* UIColor+Extension.swift in Sources */,
				F466DBB22ADE601000E2B306 /* GrapeList.swift in Sources */,
				F466DBAB2AD9739C00E2B306 /* TableHeaderView.swift in Sources */,
				F466DB892AD30E9300E2B306 /* Results+Extension.swift in Sources */,
				F466DB8F2AD47F8B00E2B306 /* StatusEnum.swift in Sources */,
				F49DDCE72ACDB0A60067EFE6 /* Grape.swift in Sources */,
				F46210FD2AD07BA0001A5EA2 /* KindOfTabEnum.swift in Sources */,
				F45DF3252AC81A76004D4667 /* Observable.swift in Sources */,
				F466DB912AD5236900E2B306 /* Date+Extension.swift in Sources */,
				F457C10C2AC1854500B4D46C /* SceneDelegate.swift in Sources */,
				F466DBB02ADC2DC600E2B306 /* GroupRepository.swift in Sources */,
				F45DF30C2AC6C351004D4667 /* Font.swift in Sources */,
				F466DBAE2AD9ACD600E2B306 /* GroupTableViewCell.swift in Sources */,
			);
			runOnlyForDeploymentPostprocessing = 0;
		};
/* End PBXSourcesBuildPhase section */

/* Begin PBXVariantGroup section */
		F457C1142AC1854600B4D46C /* LaunchScreen.storyboard */ = {
			isa = PBXVariantGroup;
			children = (
				F457C1152AC1854600B4D46C /* Base */,
				F45DF3162AC6CC04004D4667 /* ko */,
			);
			name = LaunchScreen.storyboard;
			sourceTree = "<group>";
		};
		F45DF31C2AC6CC54004D4667 /* Localizable.strings */ = {
			isa = PBXVariantGroup;
			children = (
				F45DF31B2AC6CC54004D4667 /* ko */,
			);
			name = Localizable.strings;
			sourceTree = "<group>";
		};
/* End PBXVariantGroup section */

/* Begin XCBuildConfiguration section */
		F457C1182AC1854600B4D46C /* Debug */ = {
			isa = XCBuildConfiguration;
			buildSettings = {
				ALWAYS_SEARCH_USER_PATHS = NO;
				CLANG_ANALYZER_LOCALIZABILITY_NONLOCALIZED = YES;
				CLANG_ANALYZER_NONNULL = YES;
				CLANG_ANALYZER_NUMBER_OBJECT_CONVERSION = YES_AGGRESSIVE;
				CLANG_CXX_LANGUAGE_STANDARD = "gnu++20";
				CLANG_ENABLE_MODULES = YES;
				CLANG_ENABLE_OBJC_ARC = YES;
				CLANG_ENABLE_OBJC_WEAK = YES;
				CLANG_WARN_BLOCK_CAPTURE_AUTORELEASING = YES;
				CLANG_WARN_BOOL_CONVERSION = YES;
				CLANG_WARN_COMMA = YES;
				CLANG_WARN_CONSTANT_CONVERSION = YES;
				CLANG_WARN_DEPRECATED_OBJC_IMPLEMENTATIONS = YES;
				CLANG_WARN_DIRECT_OBJC_ISA_USAGE = YES_ERROR;
				CLANG_WARN_DOCUMENTATION_COMMENTS = YES;
				CLANG_WARN_EMPTY_BODY = YES;
				CLANG_WARN_ENUM_CONVERSION = YES;
				CLANG_WARN_INFINITE_RECURSION = YES;
				CLANG_WARN_INT_CONVERSION = YES;
				CLANG_WARN_NON_LITERAL_NULL_CONVERSION = YES;
				CLANG_WARN_OBJC_IMPLICIT_RETAIN_SELF = YES;
				CLANG_WARN_OBJC_LITERAL_CONVERSION = YES;
				CLANG_WARN_OBJC_ROOT_CLASS = YES_ERROR;
				CLANG_WARN_QUOTED_INCLUDE_IN_FRAMEWORK_HEADER = YES;
				CLANG_WARN_RANGE_LOOP_ANALYSIS = YES;
				CLANG_WARN_STRICT_PROTOTYPES = YES;
				CLANG_WARN_SUSPICIOUS_MOVE = YES;
				CLANG_WARN_UNGUARDED_AVAILABILITY = YES_AGGRESSIVE;
				CLANG_WARN_UNREACHABLE_CODE = YES;
				CLANG_WARN__DUPLICATE_METHOD_MATCH = YES;
				COPY_PHASE_STRIP = NO;
				DEBUG_INFORMATION_FORMAT = dwarf;
				ENABLE_STRICT_OBJC_MSGSEND = YES;
				ENABLE_TESTABILITY = YES;
				GCC_C_LANGUAGE_STANDARD = gnu11;
				GCC_DYNAMIC_NO_PIC = NO;
				GCC_NO_COMMON_BLOCKS = YES;
				GCC_OPTIMIZATION_LEVEL = 0;
				GCC_PREPROCESSOR_DEFINITIONS = (
					"DEBUG=1",
					"$(inherited)",
				);
				GCC_WARN_64_TO_32_BIT_CONVERSION = YES;
				GCC_WARN_ABOUT_RETURN_TYPE = YES_ERROR;
				GCC_WARN_UNDECLARED_SELECTOR = YES;
				GCC_WARN_UNINITIALIZED_AUTOS = YES_AGGRESSIVE;
				GCC_WARN_UNUSED_FUNCTION = YES;
				GCC_WARN_UNUSED_VARIABLE = YES;
				IPHONEOS_DEPLOYMENT_TARGET = 16.4;
				MTL_ENABLE_DEBUG_INFO = INCLUDE_SOURCE;
				MTL_FAST_MATH = YES;
				ONLY_ACTIVE_ARCH = YES;
				SDKROOT = iphoneos;
				SWIFT_ACTIVE_COMPILATION_CONDITIONS = DEBUG;
				SWIFT_OPTIMIZATION_LEVEL = "-Onone";
			};
			name = Debug;
		};
		F457C1192AC1854600B4D46C /* Release */ = {
			isa = XCBuildConfiguration;
			buildSettings = {
				ALWAYS_SEARCH_USER_PATHS = NO;
				CLANG_ANALYZER_LOCALIZABILITY_NONLOCALIZED = YES;
				CLANG_ANALYZER_NONNULL = YES;
				CLANG_ANALYZER_NUMBER_OBJECT_CONVERSION = YES_AGGRESSIVE;
				CLANG_CXX_LANGUAGE_STANDARD = "gnu++20";
				CLANG_ENABLE_MODULES = YES;
				CLANG_ENABLE_OBJC_ARC = YES;
				CLANG_ENABLE_OBJC_WEAK = YES;
				CLANG_WARN_BLOCK_CAPTURE_AUTORELEASING = YES;
				CLANG_WARN_BOOL_CONVERSION = YES;
				CLANG_WARN_COMMA = YES;
				CLANG_WARN_CONSTANT_CONVERSION = YES;
				CLANG_WARN_DEPRECATED_OBJC_IMPLEMENTATIONS = YES;
				CLANG_WARN_DIRECT_OBJC_ISA_USAGE = YES_ERROR;
				CLANG_WARN_DOCUMENTATION_COMMENTS = YES;
				CLANG_WARN_EMPTY_BODY = YES;
				CLANG_WARN_ENUM_CONVERSION = YES;
				CLANG_WARN_INFINITE_RECURSION = YES;
				CLANG_WARN_INT_CONVERSION = YES;
				CLANG_WARN_NON_LITERAL_NULL_CONVERSION = YES;
				CLANG_WARN_OBJC_IMPLICIT_RETAIN_SELF = YES;
				CLANG_WARN_OBJC_LITERAL_CONVERSION = YES;
				CLANG_WARN_OBJC_ROOT_CLASS = YES_ERROR;
				CLANG_WARN_QUOTED_INCLUDE_IN_FRAMEWORK_HEADER = YES;
				CLANG_WARN_RANGE_LOOP_ANALYSIS = YES;
				CLANG_WARN_STRICT_PROTOTYPES = YES;
				CLANG_WARN_SUSPICIOUS_MOVE = YES;
				CLANG_WARN_UNGUARDED_AVAILABILITY = YES_AGGRESSIVE;
				CLANG_WARN_UNREACHABLE_CODE = YES;
				CLANG_WARN__DUPLICATE_METHOD_MATCH = YES;
				COPY_PHASE_STRIP = NO;
				DEBUG_INFORMATION_FORMAT = "dwarf-with-dsym";
				ENABLE_NS_ASSERTIONS = NO;
				ENABLE_STRICT_OBJC_MSGSEND = YES;
				GCC_C_LANGUAGE_STANDARD = gnu11;
				GCC_NO_COMMON_BLOCKS = YES;
				GCC_WARN_64_TO_32_BIT_CONVERSION = YES;
				GCC_WARN_ABOUT_RETURN_TYPE = YES_ERROR;
				GCC_WARN_UNDECLARED_SELECTOR = YES;
				GCC_WARN_UNINITIALIZED_AUTOS = YES_AGGRESSIVE;
				GCC_WARN_UNUSED_FUNCTION = YES;
				GCC_WARN_UNUSED_VARIABLE = YES;
				IPHONEOS_DEPLOYMENT_TARGET = 16.4;
				MTL_ENABLE_DEBUG_INFO = NO;
				MTL_FAST_MATH = YES;
				SDKROOT = iphoneos;
				SWIFT_COMPILATION_MODE = wholemodule;
				SWIFT_OPTIMIZATION_LEVEL = "-O";
				VALIDATE_PRODUCT = YES;
			};
			name = Release;
		};
		F457C11B2AC1854600B4D46C /* Debug */ = {
			isa = XCBuildConfiguration;
			buildSettings = {
				ASSETCATALOG_COMPILER_APPICON_NAME = AppIcon;
				ASSETCATALOG_COMPILER_GLOBAL_ACCENT_COLOR_NAME = AccentColor;
				CODE_SIGN_IDENTITY = "Apple Development";
				CODE_SIGN_STYLE = Automatic;
				CURRENT_PROJECT_VERSION = 1;
				DEVELOPMENT_TEAM = N54L2GS5Z3;
				GENERATE_INFOPLIST_FILE = YES;
				INFOPLIST_FILE = PodoTodo/Info.plist;
				INFOPLIST_KEY_CFBundleDisplayName = "PODO TODO";
				INFOPLIST_KEY_UIApplicationSupportsIndirectInputEvents = YES;
				INFOPLIST_KEY_UILaunchStoryboardName = LaunchScreen;
				INFOPLIST_KEY_UISupportedInterfaceOrientations = UIInterfaceOrientationPortrait;
				INFOPLIST_KEY_UISupportedInterfaceOrientations_iPad = "UIInterfaceOrientationLandscapeLeft UIInterfaceOrientationLandscapeRight UIInterfaceOrientationPortrait UIInterfaceOrientationPortraitUpsideDown";
				INFOPLIST_KEY_UIUserInterfaceStyle = Light;
				IPHONEOS_DEPLOYMENT_TARGET = 15.0;
				LD_RUNPATH_SEARCH_PATHS = (
					"$(inherited)",
					"@executable_path/Frameworks",
				);
				MARKETING_VERSION = 1.0;
				PRODUCT_BUNDLE_IDENTIFIER = com.eunseo.PodoPodo;
				PRODUCT_NAME = "$(TARGET_NAME)";
				PROVISIONING_PROFILE_SPECIFIER = "";
				SUPPORTED_PLATFORMS = "iphoneos iphonesimulator";
				SUPPORTS_MACCATALYST = NO;
				SUPPORTS_MAC_DESIGNED_FOR_IPHONE_IPAD = NO;
				SWIFT_EMIT_LOC_STRINGS = YES;
				SWIFT_VERSION = 5.0;
				TARGETED_DEVICE_FAMILY = 1;
			};
			name = Debug;
		};
		F457C11C2AC1854600B4D46C /* Release */ = {
			isa = XCBuildConfiguration;
			buildSettings = {
				ASSETCATALOG_COMPILER_APPICON_NAME = AppIcon;
				ASSETCATALOG_COMPILER_GLOBAL_ACCENT_COLOR_NAME = AccentColor;
				CODE_SIGN_IDENTITY = "Apple Development";
				CODE_SIGN_STYLE = Automatic;
				CURRENT_PROJECT_VERSION = 1;
				DEVELOPMENT_TEAM = N54L2GS5Z3;
				GENERATE_INFOPLIST_FILE = YES;
				INFOPLIST_FILE = PodoTodo/Info.plist;
				INFOPLIST_KEY_CFBundleDisplayName = "PODO TODO";
				INFOPLIST_KEY_UIApplicationSupportsIndirectInputEvents = YES;
				INFOPLIST_KEY_UILaunchStoryboardName = LaunchScreen;
				INFOPLIST_KEY_UISupportedInterfaceOrientations = UIInterfaceOrientationPortrait;
				INFOPLIST_KEY_UISupportedInterfaceOrientations_iPad = "UIInterfaceOrientationLandscapeLeft UIInterfaceOrientationLandscapeRight UIInterfaceOrientationPortrait UIInterfaceOrientationPortraitUpsideDown";
				INFOPLIST_KEY_UIUserInterfaceStyle = Light;
				IPHONEOS_DEPLOYMENT_TARGET = 15.0;
				LD_RUNPATH_SEARCH_PATHS = (
					"$(inherited)",
					"@executable_path/Frameworks",
				);
				MARKETING_VERSION = 1.0;
				PRODUCT_BUNDLE_IDENTIFIER = com.eunseo.PodoPodo;
				PRODUCT_NAME = "$(TARGET_NAME)";
				PROVISIONING_PROFILE_SPECIFIER = "";
				SUPPORTED_PLATFORMS = "iphoneos iphonesimulator";
				SUPPORTS_MACCATALYST = NO;
				SUPPORTS_MAC_DESIGNED_FOR_IPHONE_IPAD = NO;
				SWIFT_EMIT_LOC_STRINGS = YES;
				SWIFT_VERSION = 5.0;
				TARGETED_DEVICE_FAMILY = 1;
			};
			name = Release;
		};
/* End XCBuildConfiguration section */

/* Begin XCConfigurationList section */
		F457C1012AC1854500B4D46C /* Build configuration list for PBXProject "PodoTodo" */ = {
			isa = XCConfigurationList;
			buildConfigurations = (
				F457C1182AC1854600B4D46C /* Debug */,
				F457C1192AC1854600B4D46C /* Release */,
			);
			defaultConfigurationIsVisible = 0;
			defaultConfigurationName = Release;
		};
		F457C11A2AC1854600B4D46C /* Build configuration list for PBXNativeTarget "PodoTodo" */ = {
			isa = XCConfigurationList;
			buildConfigurations = (
				F457C11B2AC1854600B4D46C /* Debug */,
				F457C11C2AC1854600B4D46C /* Release */,
			);
			defaultConfigurationIsVisible = 0;
			defaultConfigurationName = Release;
		};
/* End XCConfigurationList section */

/* Begin XCRemoteSwiftPackageReference section */
		F41EB8012AE6006D00B83A7D /* XCRemoteSwiftPackageReference "firebase-ios-sdk" */ = {
			isa = XCRemoteSwiftPackageReference;
			repositoryURL = "https://github.com/firebase/firebase-ios-sdk";
			requirement = {
				kind = upToNextMajorVersion;
				minimumVersion = 10.0.0;
			};
		};
		F457C11D2AC185C800B4D46C /* XCRemoteSwiftPackageReference "FSCalendar" */ = {
			isa = XCRemoteSwiftPackageReference;
			repositoryURL = "https://github.com/WenchaoD/FSCalendar.git";
			requirement = {
				kind = upToNextMajorVersion;
				minimumVersion = 2.0.0;
			};
		};
		F457C1202AC185D500B4D46C /* XCRemoteSwiftPackageReference "Alamofire" */ = {
			isa = XCRemoteSwiftPackageReference;
			repositoryURL = "https://github.com/Alamofire/Alamofire.git";
			requirement = {
				kind = upToNextMajorVersion;
				minimumVersion = 5.0.0;
			};
		};
		F457C1232AC185E300B4D46C /* XCRemoteSwiftPackageReference "SnapKit" */ = {
			isa = XCRemoteSwiftPackageReference;
			repositoryURL = "https://github.com/SnapKit/SnapKit.git";
			requirement = {
				kind = upToNextMajorVersion;
				minimumVersion = 5.0.0;
			};
		};
		F466D6052AD12ACA00819ED9 /* XCRemoteSwiftPackageReference "realm-swift" */ = {
			isa = XCRemoteSwiftPackageReference;
			repositoryURL = "https://github.com/realm/realm-swift.git";
			requirement = {
				kind = upToNextMajorVersion;
				minimumVersion = 10.42.0;
			};
		};
/* End XCRemoteSwiftPackageReference section */

/* Begin XCSwiftPackageProductDependency section */
		F41EB8022AE6006D00B83A7D /* FirebaseAnalyticsWithoutAdIdSupport */ = {
			isa = XCSwiftPackageProductDependency;
			package = F41EB8012AE6006D00B83A7D /* XCRemoteSwiftPackageReference "firebase-ios-sdk" */;
			productName = FirebaseAnalyticsWithoutAdIdSupport;
		};
		F457C11E2AC185C800B4D46C /* FSCalendar */ = {
			isa = XCSwiftPackageProductDependency;
			package = F457C11D2AC185C800B4D46C /* XCRemoteSwiftPackageReference "FSCalendar" */;
			productName = FSCalendar;
		};
		F457C1212AC185D500B4D46C /* Alamofire */ = {
			isa = XCSwiftPackageProductDependency;
			package = F457C1202AC185D500B4D46C /* XCRemoteSwiftPackageReference "Alamofire" */;
			productName = Alamofire;
		};
		F457C1242AC185E300B4D46C /* SnapKit */ = {
			isa = XCSwiftPackageProductDependency;
			package = F457C1232AC185E300B4D46C /* XCRemoteSwiftPackageReference "SnapKit" */;
			productName = SnapKit;
		};
		F466D6062AD12ACA00819ED9 /* Realm */ = {
			isa = XCSwiftPackageProductDependency;
			package = F466D6052AD12ACA00819ED9 /* XCRemoteSwiftPackageReference "realm-swift" */;
			productName = Realm;
		};
		F466D6082AD12ACA00819ED9 /* RealmSwift */ = {
			isa = XCSwiftPackageProductDependency;
			package = F466D6052AD12ACA00819ED9 /* XCRemoteSwiftPackageReference "realm-swift" */;
			productName = RealmSwift;
		};
/* End XCSwiftPackageProductDependency section */
	};
	rootObject = F457C0FE2AC1854500B4D46C /* Project object */;
}
